
Microsoft Visual Studio Solution File, Format Version 12.00
# Visual Studio Version 16
VisualStudioVersion = 16.0.32106.194
MinimumVisualStudioVersion = 10.0.40219.1
Project("{FAE04EC0-301F-11D3-BF4B-00C04F79EFBC}") = "Translate", "Translate.csproj", "{F34208F9-8408-4165-99F7-300A7951E423}"
EndProject
Global
	GlobalSection(SolutionConfigurationPlatforms) = preSolution
		Debug|Any CPU = Debug|Any CPU
		Release|Any CPU = Release|Any CPU
	EndGlobalSection
	GlobalSection(ProjectConfigurationPlatforms) = postSolution
		{F34208F9-8408-4165-99F7-300A7951E423}.Debug|Any CPU.ActiveCfg = Debug|Any CPU
		{F34208F9-8408-4165-99F7-300A7951E423}.Debug|Any CPU.Build.0 = Debug|Any CPU
		{F34208F9-8408-4165-99F7-300A7951E423}.Release|Any CPU.ActiveCfg = Release|Any CPU
		{F34208F9-8408-4165-99F7-300A7951E423}.Release|Any CPU.Build.0 = Release|Any CPU
	EndGlobalSection
	GlobalSection(SolutionProperties) = preSolution
		HideSolutionNode = FALSE
	EndGlobalSection
	GlobalSection(ExtensibilityGlobals) = postSolution
		SolutionGuid = {9AE4C837-A5A1-4E7A-BF43-110B6B4E0179}
	EndGlobalSection
EndGlobal
